
Microsoft Visual Studio Solution File, Format Version 12.00
# Visual Studio 15
VisualStudioVersion = 15.0.27703.2026
MinimumVisualStudioVersion = 10.0.40219.1
Project("{FAE04EC0-301F-11D3-BF4B-00C04F79EFBC}") = "SpecRunTest", "SpecRunTest\SpecRunTest.csproj", "{BCBC3742-DE07-46CA-B1CB-4E440E506DCC}"
EndProject
Global
	GlobalSection(SolutionConfigurationPlatforms) = preSolution
		Debug|Any CPU = Debug|Any CPU
		Release|Any CPU = Release|Any CPU
	EndGlobalSection
	GlobalSection(ProjectConfigurationPlatforms) = postSolution
		{BCBC3742-DE07-46CA-B1CB-4E440E506DCC}.Debug|Any CPU.ActiveCfg = Debug|Any CPU
		{BCBC3742-DE07-46CA-B1CB-4E440E506DCC}.Debug|Any CPU.Build.0 = Debug|Any CPU
		{BCBC3742-DE07-46CA-B1CB-4E440E506DCC}.Release|Any CPU.ActiveCfg = Release|Any CPU
		{BCBC3742-DE07-46CA-B1CB-4E440E506DCC}.Release|Any CPU.Build.0 = Release|Any CPU
	EndGlobalSection
	GlobalSection(SolutionProperties) = preSolution
		HideSolutionNode = FALSE
	EndGlobalSection
	GlobalSection(ExtensibilityGlobals) = postSolution
		SolutionGuid = {25644F90-8EE3-434A-813F-0D14C25FD132}
	EndGlobalSection
EndGlobal
